
Microsoft Visual Studio Solution File, Format Version 12.00
# Visual Studio Version 17
VisualStudioVersion = 17.12.35707.178
MinimumVisualStudioVersion = 10.0.40219.1
Project("{FAE04EC0-301F-11D3-BF4B-00C04F79EFBC}") = "Tatil2", "Tatil2\Tatil2.csproj", "{A22B0409-3B6D-42D0-A22B-7E03659C5134}"
EndProject
Global
	GlobalSection(SolutionConfigurationPlatforms) = preSolution
		Debug|Any CPU = Debug|Any CPU
		Release|Any CPU = Release|Any CPU
	EndGlobalSection
	GlobalSection(ProjectConfigurationPlatforms) = postSolution
		{A22B0409-3B6D-42D0-A22B-7E03659C5134}.Debug|Any CPU.ActiveCfg = Debug|Any CPU
		{A22B0409-3B6D-42D0-A22B-7E03659C5134}.Debug|Any CPU.Build.0 = Debug|Any CPU
		{A22B0409-3B6D-42D0-A22B-7E03659C5134}.Release|Any CPU.ActiveCfg = Release|Any CPU
		{A22B0409-3B6D-42D0-A22B-7E03659C5134}.Release|Any CPU.Build.0 = Release|Any CPU
	EndGlobalSection
	GlobalSection(SolutionProperties) = preSolution
		HideSolutionNode = FALSE
	EndGlobalSection
EndGlobal
